
Microsoft Visual Studio Solution File, Format Version 12.00
# Visual Studio Version 17
VisualStudioVersion = 17.13.35931.197 d17.13
MinimumVisualStudioVersion = 10.0.40219.1
Project("{FAE04EC0-301F-11D3-BF4B-00C04F79EFBC}") = "IOT_Server_Endpoint_Grab", "IOT_Server_Endpoint_Grab\IOT_Server_Endpoint_Grab.csproj", "{5FB17C9B-99F8-459A-9BA0-DA4492FE226A}"
EndProject
Global
	GlobalSection(SolutionConfigurationPlatforms) = preSolution
		Debug|Any CPU = Debug|Any CPU
		Release|Any CPU = Release|Any CPU
	EndGlobalSection
	GlobalSection(ProjectConfigurationPlatforms) = postSolution
		{5FB17C9B-99F8-459A-9BA0-DA4492FE226A}.Debug|Any CPU.ActiveCfg = Debug|Any CPU
		{5FB17C9B-99F8-459A-9BA0-DA4492FE226A}.Debug|Any CPU.Build.0 = Debug|Any CPU
		{5FB17C9B-99F8-459A-9BA0-DA4492FE226A}.Release|Any CPU.ActiveCfg = Release|Any CPU
		{5FB17C9B-99F8-459A-9BA0-DA4492FE226A}.Release|Any CPU.Build.0 = Release|Any CPU
	EndGlobalSection
	GlobalSection(SolutionProperties) = preSolution
		HideSolutionNode = FALSE
	EndGlobalSection
	GlobalSection(ExtensibilityGlobals) = postSolution
		SolutionGuid = {92D665BB-3584-4389-9E1C-0FFBF0394F37}
	EndGlobalSection
EndGlobal
